// !$*UTF8*$!
{
	archiveVersion = 1;
	classes = {
	};
	objectVersion = 56;
	objects = {

/* Begin PBXBuildFile section */
		BFDBEBD72C7C5E4900ACB6F8 /* InFaceApp.swift in Sources */ = {isa = PBXBuildFile; fileRef = BFDBEBD62C7C5E4900ACB6F8 /* InFaceApp.swift */; };
		BFDBEBD92C7C5E4900ACB6F8 /* PostsView.swift in Sources */ = {isa = PBXBuildFile; fileRef = BFDBEBD82C7C5E4900ACB6F8 /* PostsView.swift */; };
		BFDBEBDB2C7C5E4C00ACB6F8 /* Assets.xcassets in Resources */ = {isa = PBXBuildFile; fileRef = BFDBEBDA2C7C5E4C00ACB6F8 /* Assets.xcassets */; };
		BFDBEBDE2C7C5E4C00ACB6F8 /* Preview Assets.xcassets in Resources */ = {isa = PBXBuildFile; fileRef = BFDBEBDD2C7C5E4C00ACB6F8 /* Preview Assets.xcassets */; };
		BFDBEBE82C7C5E4D00ACB6F8 /* InFaceTests.swift in Sources */ = {isa = PBXBuildFile; fileRef = BFDBEBE72C7C5E4D00ACB6F8 /* InFaceTests.swift */; };
		BFDBEBF22C7C5E4D00ACB6F8 /* InFaceUITests.swift in Sources */ = {isa = PBXBuildFile; fileRef = BFDBEBF12C7C5E4D00ACB6F8 /* InFaceUITests.swift */; };
		BFDBEBF42C7C5E4D00ACB6F8 /* InFaceUITestsLaunchTests.swift in Sources */ = {isa = PBXBuildFile; fileRef = BFDBEBF32C7C5E4D00ACB6F8 /* InFaceUITestsLaunchTests.swift */; };
		BFDBEC012C7C5EFB00ACB6F8 /* Post.swift in Sources */ = {isa = PBXBuildFile; fileRef = BFDBEC002C7C5EFB00ACB6F8 /* Post.swift */; };
		BFDBEC032C7C5F5C00ACB6F8 /* NetworkService.swift in Sources */ = {isa = PBXBuildFile; fileRef = BFDBEC022C7C5F5C00ACB6F8 /* NetworkService.swift */; };
		BFDBEC052C7C603D00ACB6F8 /* PostViewModel.swift in Sources */ = {isa = PBXBuildFile; fileRef = BFDBEC042C7C603D00ACB6F8 /* PostViewModel.swift */; };
/* End PBXBuildFile section */

/* Begin PBXContainerItemProxy section */
		BFDBEBE42C7C5E4D00ACB6F8 /* PBXContainerItemProxy */ = {
			isa = PBXContainerItemProxy;
			containerPortal = BFDBEBCB2C7C5E4900ACB6F8 /* Project object */;
			proxyType = 1;
			remoteGlobalIDString = BFDBEBD22C7C5E4900ACB6F8;
			remoteInfo = InFace;
		};
		BFDBEBEE2C7C5E4D00ACB6F8 /* PBXContainerItemProxy */ = {
			isa = PBXContainerItemProxy;
			containerPortal = BFDBEBCB2C7C5E4900ACB6F8 /* Project object */;
			proxyType = 1;
			remoteGlobalIDString = BFDBEBD22C7C5E4900ACB6F8;
			remoteInfo = InFace;
		};
/* End PBXContainerItemProxy section */

/* Begin PBXFileReference section */
		BFDBEBD32C7C5E4900ACB6F8 /* InFace.app */ = {isa = PBXFileReference; explicitFileType = wrapper.application; includeInIndex = 0; path = InFace.app; sourceTree = BUILT_PRODUCTS_DIR; };
		BFDBEBD62C7C5E4900ACB6F8 /* InFaceApp.swift */ = {isa = PBXFileReference; lastKnownFileType = sourcecode.swift; path = InFaceApp.swift; sourceTree = "<group>"; };
		BFDBEBD82C7C5E4900ACB6F8 /* PostsView.swift */ = {isa = PBXFileReference; lastKnownFileType = sourcecode.swift; path = PostsView.swift; sourceTree = "<group>"; };
		BFDBEBDA2C7C5E4C00ACB6F8 /* Assets.xcassets */ = {isa = PBXFileReference; lastKnownFileType = folder.assetcatalog; path = Assets.xcassets; sourceTree = "<group>"; };
		BFDBEBDD2C7C5E4C00ACB6F8 /* Preview Assets.xcassets */ = {isa = PBXFileReference; lastKnownFileType = folder.assetcatalog; path = "Preview Assets.xcassets"; sourceTree = "<group>"; };
		BFDBEBE32C7C5E4D00ACB6F8 /* InFaceTests.xctest */ = {isa = PBXFileReference; explicitFileType = wrapper.cfbundle; includeInIndex = 0; path = InFaceTests.xctest; sourceTree = BUILT_PRODUCTS_DIR; };
		BFDBEBE72C7C5E4D00ACB6F8 /* InFaceTests.swift */ = {isa = PBXFileReference; lastKnownFileType = sourcecode.swift; path = InFaceTests.swift; sourceTree = "<group>"; };
		BFDBEBED2C7C5E4D00ACB6F8 /* InFaceUITests.xctest */ = {isa = PBXFileReference; explicitFileType = wrapper.cfbundle; includeInIndex = 0; path = InFaceUITests.xctest; sourceTree = BUILT_PRODUCTS_DIR; };
		BFDBEBF12C7C5E4D00ACB6F8 /* InFaceUITests.swift */ = {isa = PBXFileReference; lastKnownFileType = sourcecode.swift; path = InFaceUITests.swift; sourceTree = "<group>"; };
		BFDBEBF32C7C5E4D00ACB6F8 /* InFaceUITestsLaunchTests.swift */ = {isa = PBXFileReference; lastKnownFileType = sourcecode.swift; path = InFaceUITestsLaunchTests.swift; sourceTree = "<group>"; };
		BFDBEC002C7C5EFB00ACB6F8 /* Post.swift */ = {isa = PBXFileReference; lastKnownFileType = sourcecode.swift; path = Post.swift; sourceTree = "<group>"; };
		BFDBEC022C7C5F5C00ACB6F8 /* NetworkService.swift */ = {isa = PBXFileReference; lastKnownFileType = sourcecode.swift; path = NetworkService.swift; sourceTree = "<group>"; };
		BFDBEC042C7C603D00ACB6F8 /* PostViewModel.swift */ = {isa = PBXFileReference; lastKnownFileType = sourcecode.swift; path = PostViewModel.swift; sourceTree = "<group>"; };
/* End PBXFileReference section */

/* Begin PBXFrameworksBuildPhase section */
		BFDBEBD02C7C5E4900ACB6F8 /* Frameworks */ = {
			isa = PBXFrameworksBuildPhase;
			buildActionMask = 2147483647;
			files = (
			);
			runOnlyForDeploymentPostprocessing = 0;
		};
		BFDBEBE02C7C5E4D00ACB6F8 /* Frameworks */ = {
			isa = PBXFrameworksBuildPhase;
			buildActionMask = 2147483647;
			files = (
			);
			runOnlyForDeploymentPostprocessing = 0;
		};
		BFDBEBEA2C7C5E4D00ACB6F8 /* Frameworks */ = {
			isa = PBXFrameworksBuildPhase;
			buildActionMask = 2147483647;
			files = (
			);
			runOnlyForDeploymentPostprocessing = 0;
		};
/* End PBXFrameworksBuildPhase section */

/* Begin PBXGroup section */
		BFDBEBCA2C7C5E4900ACB6F8 = {
			isa = PBXGroup;
			children = (
				BFDBEBD52C7C5E4900ACB6F8 /* InFace */,
				BFDBEBE62C7C5E4D00ACB6F8 /* InFaceTests */,
				BFDBEBF02C7C5E4D00ACB6F8 /* InFaceUITests */,
				BFDBEBD42C7C5E4900ACB6F8 /* Products */,
			);
			sourceTree = "<group>";
		};
		BFDBEBD42C7C5E4900ACB6F8 /* Products */ = {
			isa = PBXGroup;
			children = (
				BFDBEBD32C7C5E4900ACB6F8 /* InFace.app */,
				BFDBEBE32C7C5E4D00ACB6F8 /* InFaceTests.xctest */,
				BFDBEBED2C7C5E4D00ACB6F8 /* InFaceUITests.xctest */,
			);
			name = Products;
			sourceTree = "<group>";
		};
		BFDBEBD52C7C5E4900ACB6F8 /* InFace */ = {
			isa = PBXGroup;
			children = (
				BFDBEC0E2C7ED9E000ACB6F8 /* service */,
				BFDBEC0D2C7ED9B700ACB6F8 /* view */,
				BFDBEC0C2C7ED9A100ACB6F8 /* viewModel */,
				BFDBEC0B2C7ED99000ACB6F8 /* model */,
				BFDBEBD62C7C5E4900ACB6F8 /* InFaceApp.swift */,
				BFDBEBDA2C7C5E4C00ACB6F8 /* Assets.xcassets */,
				BFDBEBDC2C7C5E4C00ACB6F8 /* Preview Content */,
			);
			path = InFace;
			sourceTree = "<group>";
		};
		BFDBEBDC2C7C5E4C00ACB6F8 /* Preview Content */ = {
			isa = PBXGroup;
			children = (
				BFDBEBDD2C7C5E4C00ACB6F8 /* Preview Assets.xcassets */,
			);
			path = "Preview Content";
			sourceTree = "<group>";
		};
		BFDBEBE62C7C5E4D00ACB6F8 /* InFaceTests */ = {
			isa = PBXGroup;
			children = (
				BFDBEBE72C7C5E4D00ACB6F8 /* InFaceTests.swift */,
			);
			path = InFaceTests;
			sourceTree = "<group>";
		};
		BFDBEBF02C7C5E4D00ACB6F8 /* InFaceUITests */ = {
			isa = PBXGroup;
			children = (
				BFDBEBF12C7C5E4D00ACB6F8 /* InFaceUITests.swift */,
				BFDBEBF32C7C5E4D00ACB6F8 /* InFaceUITestsLaunchTests.swift */,
			);
			path = InFaceUITests;
			sourceTree = "<group>";
		};
		BFDBEC0B2C7ED99000ACB6F8 /* model */ = {
			isa = PBXGroup;
			children = (
				BFDBEC002C7C5EFB00ACB6F8 /* Post.swift */,
			);
			path = model;
			sourceTree = "<group>";
		};
		BFDBEC0C2C7ED9A100ACB6F8 /* viewModel */ = {
			isa = PBXGroup;
			children = (
				BFDBEC042C7C603D00ACB6F8 /* PostViewModel.swift */,
			);
			path = viewModel;
			sourceTree = "<group>";
		};
		BFDBEC0D2C7ED9B700ACB6F8 /* view */ = {
			isa = PBXGroup;
			children = (
				BFDBEBD82C7C5E4900ACB6F8 /* PostsView.swift */,
			);
			path = view;
			sourceTree = "<group>";
		};
		BFDBEC0E2C7ED9E000ACB6F8 /* service */ = {
			isa = PBXGroup;
			children = (
				BFDBEC022C7C5F5C00ACB6F8 /* NetworkService.swift */,
			);
			path = service;
			sourceTree = "<group>";
		};
/* End PBXGroup section */

/* Begin PBXNativeTarget section */
		BFDBEBD22C7C5E4900ACB6F8 /* InFace */ = {
			isa = PBXNativeTarget;
			buildConfigurationList = BFDBEBF72C7C5E4D00ACB6F8 /* Build configuration list for PBXNativeTarget "InFace" */;
			buildPhases = (
				BFDBEBCF2C7C5E4900ACB6F8 /* Sources */,
				BFDBEBD02C7C5E4900ACB6F8 /* Frameworks */,
				BFDBEBD12C7C5E4900ACB6F8 /* Resources */,
			);
			buildRules = (
			);
			dependencies = (
			);
			name = InFace;
			productName = InFace;
			productReference = BFDBEBD32C7C5E4900ACB6F8 /* InFace.app */;
			productType = "com.apple.product-type.application";
		};
		BFDBEBE22C7C5E4D00ACB6F8 /* InFaceTests */ = {
			isa = PBXNativeTarget;
			buildConfigurationList = BFDBEBFA2C7C5E4D00ACB6F8 /* Build configuration list for PBXNativeTarget "InFaceTests" */;
			buildPhases = (
				BFDBEBDF2C7C5E4D00ACB6F8 /* Sources */,
				BFDBEBE02C7C5E4D00ACB6F8 /* Frameworks */,
				BFDBEBE12C7C5E4D00ACB6F8 /* Resources */,
			);
			buildRules = (
			);
			dependencies = (
				BFDBEBE52C7C5E4D00ACB6F8 /* PBXTargetDependency */,
			);
			name = InFaceTests;
			productName = InFaceTests;
			productReference = BFDBEBE32C7C5E4D00ACB6F8 /* InFaceTests.xctest */;
			productType = "com.apple.product-type.bundle.unit-test";
		};
		BFDBEBEC2C7C5E4D00ACB6F8 /* InFaceUITests */ = {
			isa = PBXNativeTarget;
			buildConfigurationList = BFDBEBFD2C7C5E4D00ACB6F8 /* Build configuration list for PBXNativeTarget "InFaceUITests" */;
			buildPhases = (
				BFDBEBE92C7C5E4D00ACB6F8 /* Sources */,
				BFDBEBEA2C7C5E4D00ACB6F8 /* Frameworks */,
				BFDBEBEB2C7C5E4D00ACB6F8 /* Resources */,
			);
			buildRules = (
			);
			dependencies = (
				BFDBEBEF2C7C5E4D00ACB6F8 /* PBXTargetDependency */,
			);
			name = InFaceUITests;
			productName = InFaceUITests;
			productReference = BFDBEBED2C7C5E4D00ACB6F8 /* InFaceUITests.xctest */;
			productType = "com.apple.product-type.bundle.ui-testing";
		};
/* End PBXNativeTarget section */

/* Begin PBXProject section */
		BFDBEBCB2C7C5E4900ACB6F8 /* Project object */ = {
			isa = PBXProject;
			attributes = {
				BuildIndependentTargetsInParallel = 1;
				LastSwiftUpdateCheck = 1520;
				LastUpgradeCheck = 1520;
				TargetAttributes = {
					BFDBEBD22C7C5E4900ACB6F8 = {
						CreatedOnToolsVersion = 15.2;
					};
					BFDBEBE22C7C5E4D00ACB6F8 = {
						CreatedOnToolsVersion = 15.2;
						TestTargetID = BFDBEBD22C7C5E4900ACB6F8;
					};
					BFDBEBEC2C7C5E4D00ACB6F8 = {
						CreatedOnToolsVersion = 15.2;
						TestTargetID = BFDBEBD22C7C5E4900ACB6F8;
					};
				};
			};
			buildConfigurationList = BFDBEBCE2C7C5E4900ACB6F8 /* Build configuration list for PBXProject "InFace" */;
			compatibilityVersion = "Xcode 14.0";
			developmentRegion = en;
			hasScannedForEncodings = 0;
			knownRegions = (
				en,
				Base,
			);
			mainGroup = BFDBEBCA2C7C5E4900ACB6F8;
			productRefGroup = BFDBEBD42C7C5E4900ACB6F8 /* Products */;
			projectDirPath = "";
			projectRoot = "";
			targets = (
				BFDBEBD22C7C5E4900ACB6F8 /* InFace */,
				BFDBEBE22C7C5E4D00ACB6F8 /* InFaceTests */,
				BFDBEBEC2C7C5E4D00ACB6F8 /* InFaceUITests */,
			);
		};
/* End PBXProject section */

/* Begin PBXResourcesBuildPhase section */
		BFDBEBD12C7C5E4900ACB6F8 /* Resources */ = {
			isa = PBXResourcesBuildPhase;
			buildActionMask = 2147483647;
			files = (
				BFDBEBDE2C7C5E4C00ACB6F8 /* Preview Assets.xcassets in Resources */,
				BFDBEBDB2C7C5E4C00ACB6F8 /* Assets.xcassets in Resources */,
			);
			runOnlyForDeploymentPostprocessing = 0;
		};
		BFDBEBE12C7C5E4D00ACB6F8 /* Resources */ = {
			isa = PBXResourcesBuildPhase;
			buildActionMask = 2147483647;
			files = (
			);
			runOnlyForDeploymentPostprocessing = 0;
		};
		BFDBEBEB2C7C5E4D00ACB6F8 /* Resources */ = {
			isa = PBXResourcesBuildPhase;
			buildActionMask = 2147483647;
			files = (
			);
			runOnlyForDeploymentPostprocessing = 0;
		};
/* End PBXResourcesBuildPhase section */

/* Begin PBXSourcesBuildPhase section */
		BFDBEBCF2C7C5E4900ACB6F8 /* Sources */ = {
			isa = PBXSourcesBuildPhase;
			buildActionMask = 2147483647;
			files = (
				BFDBEC052C7C603D00ACB6F8 /* PostViewModel.swift in Sources */,
				BFDBEC012C7C5EFB00ACB6F8 /* Post.swift in Sources */,
				BFDBEBD92C7C5E4900ACB6F8 /* PostsView.swift in Sources */,
				BFDBEC032C7C5F5C00ACB6F8 /* NetworkService.swift in Sources */,
				BFDBEBD72C7C5E4900ACB6F8 /* InFaceApp.swift in Sources */,
			);
			runOnlyForDeploymentPostprocessing = 0;
		};
		BFDBEBDF2C7C5E4D00ACB6F8 /* Sources */ = {
			isa = PBXSourcesBuildPhase;
			buildActionMask = 2147483647;
			files = (
				BFDBEBE82C7C5E4D00ACB6F8 /* InFaceTests.swift in Sources */,
			);
			runOnlyForDeploymentPostprocessing = 0;
		};
		BFDBEBE92C7C5E4D00ACB6F8 /* Sources */ = {
			isa = PBXSourcesBuildPhase;
			buildActionMask = 2147483647;
			files = (
				BFDBEBF42C7C5E4D00ACB6F8 /* InFaceUITestsLaunchTests.swift in Sources */,
				BFDBEBF22C7C5E4D00ACB6F8 /* InFaceUITests.swift in Sources */,
			);
			runOnlyForDeploymentPostprocessing = 0;
		};
/* End PBXSourcesBuildPhase section */

/* Begin PBXTargetDependency section */
		BFDBEBE52C7C5E4D00ACB6F8 /* PBXTargetDependency */ = {
			isa = PBXTargetDependency;
			target = BFDBEBD22C7C5E4900ACB6F8 /* InFace */;
			targetProxy = BFDBEBE42C7C5E4D00ACB6F8 /* PBXContainerItemProxy */;
		};
		BFDBEBEF2C7C5E4D00ACB6F8 /* PBXTargetDependency */ = {
			isa = PBXTargetDependency;
			target = BFDBEBD22C7C5E4900ACB6F8 /* InFace */;
			targetProxy = BFDBEBEE2C7C5E4D00ACB6F8 /* PBXContainerItemProxy */;
		};
/* End PBXTargetDependency section */

/* Begin XCBuildConfiguration section */
		BFDBEBF52C7C5E4D00ACB6F8 /* Debug */ = {
			isa = XCBuildConfiguration;
			buildSettings = {
				ALWAYS_SEARCH_USER_PATHS = NO;
				ASSETCATALOG_COMPILER_GENERATE_SWIFT_ASSET_SYMBOL_EXTENSIONS = YES;
				CLANG_ANALYZER_NONNULL = YES;
				CLANG_ANALYZER_NUMBER_OBJECT_CONVERSION = YES_AGGRESSIVE;
				CLANG_CXX_LANGUAGE_STANDARD = "gnu++20";
				CLANG_ENABLE_MODULES = YES;
				CLANG_ENABLE_OBJC_ARC = YES;
				CLANG_ENABLE_OBJC_WEAK = YES;
				CLANG_WARN_BLOCK_CAPTURE_AUTORELEASING = YES;
				CLANG_WARN_BOOL_CONVERSION = YES;
				CLANG_WARN_COMMA = YES;
				CLANG_WARN_CONSTANT_CONVERSION = YES;
				CLANG_WARN_DEPRECATED_OBJC_IMPLEMENTATIONS = YES;
				CLANG_WARN_DIRECT_OBJC_ISA_USAGE = YES_ERROR;
				CLANG_WARN_DOCUMENTATION_COMMENTS = YES;
				CLANG_WARN_EMPTY_BODY = YES;
				CLANG_WARN_ENUM_CONVERSION = YES;
				CLANG_WARN_INFINITE_RECURSION = YES;
				CLANG_WARN_INT_CONVERSION = YES;
				CLANG_WARN_NON_LITERAL_NULL_CONVERSION = YES;
				CLANG_WARN_OBJC_IMPLICIT_RETAIN_SELF = YES;
				CLANG_WARN_OBJC_LITERAL_CONVERSION = YES;
				CLANG_WARN_OBJC_ROOT_CLASS = YES_ERROR;
				CLANG_WARN_QUOTED_INCLUDE_IN_FRAMEWORK_HEADER = YES;
				CLANG_WARN_RANGE_LOOP_ANALYSIS = YES;
				CLANG_WARN_STRICT_PROTOTYPES = YES;
				CLANG_WARN_SUSPICIOUS_MOVE = YES;
				CLANG_WARN_UNGUARDED_AVAILABILITY = YES_AGGRESSIVE;
				CLANG_WARN_UNREACHABLE_CODE = YES;
				CLANG_WARN__DUPLICATE_METHOD_MATCH = YES;
				COPY_PHASE_STRIP = NO;
				DEBUG_INFORMATION_FORMAT = dwarf;
				ENABLE_STRICT_OBJC_MSGSEND = YES;
				ENABLE_TESTABILITY = YES;
				ENABLE_USER_SCRIPT_SANDBOXING = YES;
				GCC_C_LANGUAGE_STANDARD = gnu17;
				GCC_DYNAMIC_NO_PIC = NO;
				GCC_NO_COMMON_BLOCKS = YES;
				GCC_OPTIMIZATION_LEVEL = 0;
				GCC_PREPROCESSOR_DEFINITIONS = (
					"DEBUG=1",
					"$(inherited)",
				);
				GCC_WARN_64_TO_32_BIT_CONVERSION = YES;
				GCC_WARN_ABOUT_RETURN_TYPE = YES_ERROR;
				GCC_WARN_UNDECLARED_SELECTOR = YES;
				GCC_WARN_UNINITIALIZED_AUTOS = YES_AGGRESSIVE;
				GCC_WARN_UNUSED_FUNCTION = YES;
				GCC_WARN_UNUSED_VARIABLE = YES;
				IPHONEOS_DEPLOYMENT_TARGET = 17.2;
				LOCALIZATION_PREFERS_STRING_CATALOGS = YES;
				MTL_ENABLE_DEBUG_INFO = INCLUDE_SOURCE;
				MTL_FAST_MATH = YES;
				ONLY_ACTIVE_ARCH = YES;
				SDKROOT = iphoneos;
				SWIFT_ACTIVE_COMPILATION_CONDITIONS = "DEBUG $(inherited)";
				SWIFT_OPTIMIZATION_LEVEL = "-Onone";
			};
			name = Debug;
		};
		BFDBEBF62C7C5E4D00ACB6F8 /* Release */ = {
			isa = XCBuildConfiguration;
			buildSettings = {
				ALWAYS_SEARCH_USER_PATHS = NO;
				ASSETCATALOG_COMPILER_GENERATE_SWIFT_ASSET_SYMBOL_EXTENSIONS = YES;
				CLANG_ANALYZER_NONNULL = YES;
				CLANG_ANALYZER_NUMBER_OBJECT_CONVERSION = YES_AGGRESSIVE;
				CLANG_CXX_LANGUAGE_STANDARD = "gnu++20";
				CLANG_ENABLE_MODULES = YES;
				CLANG_ENABLE_OBJC_ARC = YES;
				CLANG_ENABLE_OBJC_WEAK = YES;
				CLANG_WARN_BLOCK_CAPTURE_AUTORELEASING = YES;
				CLANG_WARN_BOOL_CONVERSION = YES;
				CLANG_WARN_COMMA = YES;
				CLANG_WARN_CONSTANT_CONVERSION = YES;
				CLANG_WARN_DEPRECATED_OBJC_IMPLEMENTATIONS = YES;
				CLANG_WARN_DIRECT_OBJC_ISA_USAGE = YES_ERROR;
				CLANG_WARN_DOCUMENTATION_COMMENTS = YES;
				CLANG_WARN_EMPTY_BODY = YES;
				CLANG_WARN_ENUM_CONVERSION = YES;
				CLANG_WARN_INFINITE_RECURSION = YES;
				CLANG_WARN_INT_CONVERSION = YES;
				CLANG_WARN_NON_LITERAL_NULL_CONVERSION = YES;
				CLANG_WARN_OBJC_IMPLICIT_RETAIN_SELF = YES;
				CLANG_WARN_OBJC_LITERAL_CONVERSION = YES;
				CLANG_WARN_OBJC_ROOT_CLASS = YES_ERROR;
				CLANG_WARN_QUOTED_INCLUDE_IN_FRAMEWORK_HEADER = YES;
				CLANG_WARN_RANGE_LOOP_ANALYSIS = YES;
				CLANG_WARN_STRICT_PROTOTYPES = YES;
				CLANG_WARN_SUSPICIOUS_MOVE = YES;
				CLANG_WARN_UNGUARDED_AVAILABILITY = YES_AGGRESSIVE;
				CLANG_WARN_UNREACHABLE_CODE = YES;
				CLANG_WARN__DUPLICATE_METHOD_MATCH = YES;
				COPY_PHASE_STRIP = NO;
				DEBUG_INFORMATION_FORMAT = "dwarf-with-dsym";
				ENABLE_NS_ASSERTIONS = NO;
				ENABLE_STRICT_OBJC_MSGSEND = YES;
				ENABLE_USER_SCRIPT_SANDBOXING = YES;
				GCC_C_LANGUAGE_STANDARD = gnu17;
				GCC_NO_COMMON_BLOCKS = YES;
				GCC_WARN_64_TO_32_BIT_CONVERSION = YES;
				GCC_WARN_ABOUT_RETURN_TYPE = YES_ERROR;
				GCC_WARN_UNDECLARED_SELECTOR = YES;
				GCC_WARN_UNINITIALIZED_AUTOS = YES_AGGRESSIVE;
				GCC_WARN_UNUSED_FUNCTION = YES;
				GCC_WARN_UNUSED_VARIABLE = YES;
				IPHONEOS_DEPLOYMENT_TARGET = 17.2;
				LOCALIZATION_PREFERS_STRING_CATALOGS = YES;
				MTL_ENABLE_DEBUG_INFO = NO;
				MTL_FAST_MATH = YES;
				SDKROOT = iphoneos;
				SWIFT_COMPILATION_MODE = wholemodule;
				VALIDATE_PRODUCT = YES;
			};
			name = Release;
		};
		BFDBEBF82C7C5E4D00ACB6F8 /* Debug */ = {
			isa = XCBuildConfiguration;
			buildSettings = {
				ASSETCATALOG_COMPILER_APPICON_NAME = AppIcon;
				ASSETCATALOG_COMPILER_GLOBAL_ACCENT_COLOR_NAME = AccentColor;
				CODE_SIGN_STYLE = Automatic;
				CURRENT_PROJECT_VERSION = 1;
				DEVELOPMENT_ASSET_PATHS = "\"InFace/Preview Content\"";
				DEVELOPMENT_TEAM = 4PHTWA5B9A;
				ENABLE_PREVIEWS = YES;
				GENERATE_INFOPLIST_FILE = YES;
				INFOPLIST_KEY_UIApplicationSceneManifest_Generation = YES;
				INFOPLIST_KEY_UIApplicationSupportsIndirectInputEvents = YES;
				INFOPLIST_KEY_UILaunchScreen_Generation = YES;
				INFOPLIST_KEY_UISupportedInterfaceOrientations_iPad = "UIInterfaceOrientationPortrait UIInterfaceOrientationPortraitUpsideDown UIInterfaceOrientationLandscapeLeft UIInterfaceOrientationLandscapeRight";
				INFOPLIST_KEY_UISupportedInterfaceOrientations_iPhone = "UIInterfaceOrientationPortrait UIInterfaceOrientationLandscapeLeft UIInterfaceOrientationLandscapeRight";
				LD_RUNPATH_SEARCH_PATHS = (
					"$(inherited)",
					"@executable_path/Frameworks",
				);
				MARKETING_VERSION = 1.0;
				PRODUCT_BUNDLE_IDENTIFIER = com.inface.InFace;
				PRODUCT_NAME = "$(TARGET_NAME)";
				SWIFT_EMIT_LOC_STRINGS = YES;
				SWIFT_VERSION = 5.0;
				TARGETED_DEVICE_FAMILY = "1,2";
			};
			name = Debug;
		};
		BFDBEBF92C7C5E4D00ACB6F8 /* Release */ = {
			isa = XCBuildConfiguration;
			buildSettings = {
				ASSETCATALOG_COMPILER_APPICON_NAME = AppIcon;
				ASSETCATALOG_COMPILER_GLOBAL_ACCENT_COLOR_NAME = AccentColor;
				CODE_SIGN_STYLE = Automatic;
				CURRENT_PROJECT_VERSION = 1;
				DEVELOPMENT_ASSET_PATHS = "\"InFace/Preview Content\"";
				DEVELOPMENT_TEAM = 4PHTWA5B9A;
				ENABLE_PREVIEWS = YES;
				GENERATE_INFOPLIST_FILE = YES;
				INFOPLIST_KEY_UIApplicationSceneManifest_Generation = YES;
				INFOPLIST_KEY_UIApplicationSupportsIndirectInputEvents = YES;
				INFOPLIST_KEY_UILaunchScreen_Generation = YES;
				INFOPLIST_KEY_UISupportedInterfaceOrientations_iPad = "UIInterfaceOrientationPortrait UIInterfaceOrientationPortraitUpsideDown UIInterfaceOrientationLandscapeLeft UIInterfaceOrientationLandscapeRight";
				INFOPLIST_KEY_UISupportedInterfaceOrientations_iPhone = "UIInterfaceOrientationPortrait UIInterfaceOrientationLandscapeLeft UIInterfaceOrientationLandscapeRight";
				LD_RUNPATH_SEARCH_PATHS = (
					"$(inherited)",
					"@executable_path/Frameworks",
				);
				MARKETING_VERSION = 1.0;
				PRODUCT_BUNDLE_IDENTIFIER = com.inface.InFace;
				PRODUCT_NAME = "$(TARGET_NAME)";
				SWIFT_EMIT_LOC_STRINGS = YES;
				SWIFT_VERSION = 5.0;
				TARGETED_DEVICE_FAMILY = "1,2";
			};
			name = Release;
		};
		BFDBEBFB2C7C5E4D00ACB6F8 /* Debug */ = {
			isa = XCBuildConfiguration;
			buildSettings = {
				ALWAYS_EMBED_SWIFT_STANDARD_LIBRARIES = YES;
				BUNDLE_LOADER = "$(TEST_HOST)";
				CODE_SIGN_STYLE = Automatic;
				CURRENT_PROJECT_VERSION = 1;
				DEVELOPMENT_TEAM = 4PHTWA5B9A;
				GENERATE_INFOPLIST_FILE = YES;
				IPHONEOS_DEPLOYMENT_TARGET = 17.2;
				MARKETING_VERSION = 1.0;
				PRODUCT_BUNDLE_IDENTIFIER = com.inface.InFaceTests;
				PRODUCT_NAME = "$(TARGET_NAME)";
				SWIFT_EMIT_LOC_STRINGS = NO;
				SWIFT_VERSION = 5.0;
				TARGETED_DEVICE_FAMILY = "1,2";
				TEST_HOST = "$(BUILT_PRODUCTS_DIR)/InFace.app/$(BUNDLE_EXECUTABLE_FOLDER_PATH)/InFace";
			};
			name = Debug;
		};
		BFDBEBFC2C7C5E4D00ACB6F8 /* Release */ = {
			isa = XCBuildConfiguration;
			buildSettings = {
				ALWAYS_EMBED_SWIFT_STANDARD_LIBRARIES = YES;
				BUNDLE_LOADER = "$(TEST_HOST)";
				CODE_SIGN_STYLE = Automatic;
				CURRENT_PROJECT_VERSION = 1;
				DEVELOPMENT_TEAM = 4PHTWA5B9A;
				GENERATE_INFOPLIST_FILE = YES;
				IPHONEOS_DEPLOYMENT_TARGET = 17.2;
				MARKETING_VERSION = 1.0;
				PRODUCT_BUNDLE_IDENTIFIER = com.inface.InFaceTests;
				PRODUCT_NAME = "$(TARGET_NAME)";
				SWIFT_EMIT_LOC_STRINGS = NO;
				SWIFT_VERSION = 5.0;
				TARGETED_DEVICE_FAMILY = "1,2";
				TEST_HOST = "$(BUILT_PRODUCTS_DIR)/InFace.app/$(BUNDLE_EXECUTABLE_FOLDER_PATH)/InFace";
			};
			name = Release;
		};
		BFDBEBFE2C7C5E4D00ACB6F8 /* Debug */ = {
			isa = XCBuildConfiguration;
			buildSettings = {
				ALWAYS_EMBED_SWIFT_STANDARD_LIBRARIES = YES;
				CODE_SIGN_STYLE = Automatic;
				CURRENT_PROJECT_VERSION = 1;
				DEVELOPMENT_TEAM = 4PHTWA5B9A;
				GENERATE_INFOPLIST_FILE = YES;
				MARKETING_VERSION = 1.0;
				PRODUCT_BUNDLE_IDENTIFIER = com.inface.InFaceUITests;
				PRODUCT_NAME = "$(TARGET_NAME)";
				SWIFT_EMIT_LOC_STRINGS = NO;
				SWIFT_VERSION = 5.0;
				TARGETED_DEVICE_FAMILY = "1,2";
				TEST_TARGET_NAME = InFace;
			};
			name = Debug;
		};
		BFDBEBFF2C7C5E4D00ACB6F8 /* Release */ = {
			isa = XCBuildConfiguration;
			buildSettings = {
				ALWAYS_EMBED_SWIFT_STANDARD_LIBRARIES = YES;
				CODE_SIGN_STYLE = Automatic;
				CURRENT_PROJECT_VERSION = 1;
				DEVELOPMENT_TEAM = 4PHTWA5B9A;
				GENERATE_INFOPLIST_FILE = YES;
				MARKETING_VERSION = 1.0;
				PRODUCT_BUNDLE_IDENTIFIER = com.inface.InFaceUITests;
				PRODUCT_NAME = "$(TARGET_NAME)";
				SWIFT_EMIT_LOC_STRINGS = NO;
				SWIFT_VERSION = 5.0;
				TARGETED_DEVICE_FAMILY = "1,2";
				TEST_TARGET_NAME = InFace;
			};
			name = Release;
		};
/* End XCBuildConfiguration section */

/* Begin XCConfigurationList section */
		BFDBEBCE2C7C5E4900ACB6F8 /* Build configuration list for PBXProject "InFace" */ = {
			isa = XCConfigurationList;
			buildConfigurations = (
				BFDBEBF52C7C5E4D00ACB6F8 /* Debug */,
				BFDBEBF62C7C5E4D00ACB6F8 /* Release */,
			);
			defaultConfigurationIsVisible = 0;
			defaultConfigurationName = Release;
		};
		BFDBEBF72C7C5E4D00ACB6F8 /* Build configuration list for PBXNativeTarget "InFace" */ = {
			isa = XCConfigurationList;
			buildConfigurations = (
				BFDBEBF82C7C5E4D00ACB6F8 /* Debug */,
				BFDBEBF92C7C5E4D00ACB6F8 /* Release */,
			);
			defaultConfigurationIsVisible = 0;
			defaultConfigurationName = Release;
		};
		BFDBEBFA2C7C5E4D00ACB6F8 /* Build configuration list for PBXNativeTarget "InFaceTests" */ = {
			isa = XCConfigurationList;
			buildConfigurations = (
				BFDBEBFB2C7C5E4D00ACB6F8 /* Debug */,
				BFDBEBFC2C7C5E4D00ACB6F8 /* Release */,
			);
			defaultConfigurationIsVisible = 0;
			defaultConfigurationName = Release;
		};
		BFDBEBFD2C7C5E4D00ACB6F8 /* Build configuration list for PBXNativeTarget "InFaceUITests" */ = {
			isa = XCConfigurationList;
			buildConfigurations = (
				BFDBEBFE2C7C5E4D00ACB6F8 /* Debug */,
				BFDBEBFF2C7C5E4D00ACB6F8 /* Release */,
			);
			defaultConfigurationIsVisible = 0;
			defaultConfigurationName = Release;
		};
/* End XCConfigurationList section */
	};
	rootObject = BFDBEBCB2C7C5E4900ACB6F8 /* Project object */;
}
